
Microsoft Visual Studio Solution File, Format Version 12.00
# Visual Studio Version 17
VisualStudioVersion = 17.5.002.0
MinimumVisualStudioVersion = 10.0.40219.1
Project("{2150E333-8FDC-42A3-9474-1A3956D46DE8}") = "sandbox", "sandbox", "{8C66AEC8-876D-4046-ACF9-348B42018F64}"
EndProject
Project("{9A19103F-16F7-4668-BE54-9A1E7A4F7556}") = "sandbox_project", "sandbox\sandbox_project\sandbox_project.csproj", "{7C6BF7DD-6BF9-4D21-BF1A-8E3EEF6E5D61}"
EndProject
Project("{2150E333-8FDC-42A3-9474-1A3956D46DE8}") = "week01", "week01", "{268813F0-EA97-41C7-AEF8-432CFBD3CC83}"
EndProject
Project("{9A19103F-16F7-4668-BE54-9A1E7A4F7556}") = "analyze", "week01\analyze\analyze.csproj", "{AB61F971-A280-4B79-84A3-55C63A78AE66}"
EndProject
Project("{9A19103F-16F7-4668-BE54-9A1E7A4F7556}") = "code", "week01\code\code.csproj", "{2F4E3C60-D28C-412B-9905-0722BDD40FC0}"
EndProject
Project("{9A19103F-16F7-4668-BE54-9A1E7A4F7556}") = "teach", "week01\teach\teach.csproj", "{7440086B-9D35-448C-AD6A-BE94E8F6DDCD}"
EndProject
Project("{2150E333-8FDC-42A3-9474-1A3956D46DE8}") = "week02", "week02", "{D22A770D-B90A-400A-8F1E-341B1F62E73E}"
EndProject
Project("{9A19103F-16F7-4668-BE54-9A1E7A4F7556}") = "analyze", "week02\analyze\analyze.csproj", "{75F13224-A9E4-4C98-B0F3-0E0BB93A07D9}"
EndProject
Project("{9A19103F-16F7-4668-BE54-9A1E7A4F7556}") = "code", "week02\code\code.csproj", "{C169F24A-710C-486F-868B-05913790494D}"
EndProject
Project("{9A19103F-16F7-4668-BE54-9A1E7A4F7556}") = "learn", "week02\learn\learn.csproj", "{EC634AF5-721E-4531-9F88-D532466CC0FA}"
EndProject
Project("{9A19103F-16F7-4668-BE54-9A1E7A4F7556}") = "teach", "week02\teach\teach.csproj", "{669EE673-CE8D-4078-BD26-BC2D7EFDCA78}"
EndProject
Project("{2150E333-8FDC-42A3-9474-1A3956D46DE8}") = "week03", "week03", "{68CE39F3-86EF-4A0B-8AE6-7341A5D521F3}"
EndProject
Project("{9A19103F-16F7-4668-BE54-9A1E7A4F7556}") = "code", "week03\code\code.csproj", "{DBA937EC-429F-4F69-B320-8FF106DEC370}"
EndProject
Project("{9A19103F-16F7-4668-BE54-9A1E7A4F7556}") = "learn", "week03\learn\learn.csproj", "{284CBF38-F589-4A76-8100-99988551E680}"
EndProject
Project("{9A19103F-16F7-4668-BE54-9A1E7A4F7556}") = "teach", "week03\teach\teach.csproj", "{C419DEE1-CCB2-42A2-AD57-52772B363974}"
EndProject
Project("{2150E333-8FDC-42A3-9474-1A3956D46DE8}") = "week04", "week04", "{2D0062E8-6F0F-4D3D-A345-48576F813DA5}"
EndProject
Project("{9A19103F-16F7-4668-BE54-9A1E7A4F7556}") = "code", "week04\code\code.csproj", "{151B074A-F7D3-4E3D-98D1-244BA9E87C98}"
EndProject
Project("{2150E333-8FDC-42A3-9474-1A3956D46DE8}") = "week05", "week05", "{5A2DC331-B1D8-4B4A-B821-FA8847FDA2F3}"
EndProject
Project("{9A19103F-16F7-4668-BE54-9A1E7A4F7556}") = "code", "week05\code\code.csproj", "{78E8842A-A1E5-41D6-B3B5-9DD1827C05A6}"
EndProject
Project("{2150E333-8FDC-42A3-9474-1A3956D46DE8}") = "week06", "week06", "{9EA96C68-0A36-4924-8226-95B9DF5D2F78}"
EndProject
Project("{9A19103F-16F7-4668-BE54-9A1E7A4F7556}") = "code", "week06\code\code.csproj", "{671FF94C-1BF7-4FA7-8709-79F2D1D9AA71}"
EndProject
Global
	GlobalSection(SolutionConfigurationPlatforms) = preSolution
		Debug|Any CPU = Debug|Any CPU
		Release|Any CPU = Release|Any CPU
	EndGlobalSection
	GlobalSection(ProjectConfigurationPlatforms) = postSolution
		{7C6BF7DD-6BF9-4D21-BF1A-8E3EEF6E5D61}.Debug|Any CPU.ActiveCfg = Debug|Any CPU
		{7C6BF7DD-6BF9-4D21-BF1A-8E3EEF6E5D61}.Debug|Any CPU.Build.0 = Debug|Any CPU
		{7C6BF7DD-6BF9-4D21-BF1A-8E3EEF6E5D61}.Release|Any CPU.ActiveCfg = Release|Any CPU
		{7C6BF7DD-6BF9-4D21-BF1A-8E3EEF6E5D61}.Release|Any CPU.Build.0 = Release|Any CPU
		{AB61F971-A280-4B79-84A3-55C63A78AE66}.Debug|Any CPU.ActiveCfg = Debug|Any CPU
		{AB61F971-A280-4B79-84A3-55C63A78AE66}.Debug|Any CPU.Build.0 = Debug|Any CPU
		{AB61F971-A280-4B79-84A3-55C63A78AE66}.Release|Any CPU.ActiveCfg = Release|Any CPU
		{AB61F971-A280-4B79-84A3-55C63A78AE66}.Release|Any CPU.Build.0 = Release|Any CPU
		{2F4E3C60-D28C-412B-9905-0722BDD40FC0}.Debug|Any CPU.ActiveCfg = Debug|Any CPU
		{2F4E3C60-D28C-412B-9905-0722BDD40FC0}.Debug|Any CPU.Build.0 = Debug|Any CPU
		{2F4E3C60-D28C-412B-9905-0722BDD40FC0}.Release|Any CPU.ActiveCfg = Release|Any CPU
		{2F4E3C60-D28C-412B-9905-0722BDD40FC0}.Release|Any CPU.Build.0 = Release|Any CPU
		{7440086B-9D35-448C-AD6A-BE94E8F6DDCD}.Debug|Any CPU.ActiveCfg = Debug|Any CPU
		{7440086B-9D35-448C-AD6A-BE94E8F6DDCD}.Debug|Any CPU.Build.0 = Debug|Any CPU
		{7440086B-9D35-448C-AD6A-BE94E8F6DDCD}.Release|Any CPU.ActiveCfg = Release|Any CPU
		{7440086B-9D35-448C-AD6A-BE94E8F6DDCD}.Release|Any CPU.Build.0 = Release|Any CPU
		{75F13224-A9E4-4C98-B0F3-0E0BB93A07D9}.Debug|Any CPU.ActiveCfg = Debug|Any CPU
		{75F13224-A9E4-4C98-B0F3-0E0BB93A07D9}.Debug|Any CPU.Build.0 = Debug|Any CPU
		{75F13224-A9E4-4C98-B0F3-0E0BB93A07D9}.Release|Any CPU.ActiveCfg = Release|Any CPU
		{75F13224-A9E4-4C98-B0F3-0E0BB93A07D9}.Release|Any CPU.Build.0 = Release|Any CPU
		{C169F24A-710C-486F-868B-05913790494D}.Debug|Any CPU.ActiveCfg = Debug|Any CPU
		{C169F24A-710C-486F-868B-05913790494D}.Debug|Any CPU.Build.0 = Debug|Any CPU
		{C169F24A-710C-486F-868B-05913790494D}.Release|Any CPU.ActiveCfg = Release|Any CPU
		{C169F24A-710C-486F-868B-05913790494D}.Release|Any CPU.Build.0 = Release|Any CPU
		{EC634AF5-721E-4531-9F88-D532466CC0FA}.Debug|Any CPU.ActiveCfg = Debug|Any CPU
		{EC634AF5-721E-4531-9F88-D532466CC0FA}.Debug|Any CPU.Build.0 = Debug|Any CPU
		{EC634AF5-721E-4531-9F88-D532466CC0FA}.Release|Any CPU.ActiveCfg = Release|Any CPU
		{EC634AF5-721E-4531-9F88-D532466CC0FA}.Release|Any CPU.Build.0 = Release|Any CPU
		{669EE673-CE8D-4078-BD26-BC2D7EFDCA78}.Debug|Any CPU.ActiveCfg = Debug|Any CPU
		{669EE673-CE8D-4078-BD26-BC2D7EFDCA78}.Debug|Any CPU.Build.0 = Debug|Any CPU
		{669EE673-CE8D-4078-BD26-BC2D7EFDCA78}.Release|Any CPU.ActiveCfg = Release|Any CPU
		{669EE673-CE8D-4078-BD26-BC2D7EFDCA78}.Release|Any CPU.Build.0 = Release|Any CPU
		{DBA937EC-429F-4F69-B320-8FF106DEC370}.Debug|Any CPU.ActiveCfg = Debug|Any CPU
		{DBA937EC-429F-4F69-B320-8FF106DEC370}.Debug|Any CPU.Build.0 = Debug|Any CPU
		{DBA937EC-429F-4F69-B320-8FF106DEC370}.Release|Any CPU.ActiveCfg = Release|Any CPU
		{DBA937EC-429F-4F69-B320-8FF106DEC370}.Release|Any CPU.Build.0 = Release|Any CPU
		{284CBF38-F589-4A76-8100-99988551E680}.Debug|Any CPU.ActiveCfg = Debug|Any CPU
		{284CBF38-F589-4A76-8100-99988551E680}.Debug|Any CPU.Build.0 = Debug|Any CPU
		{284CBF38-F589-4A76-8100-99988551E680}.Release|Any CPU.ActiveCfg = Release|Any CPU
		{284CBF38-F589-4A76-8100-99988551E680}.Release|Any CPU.Build.0 = Release|Any CPU
		{C419DEE1-CCB2-42A2-AD57-52772B363974}.Debug|Any CPU.ActiveCfg = Debug|Any CPU
		{C419DEE1-CCB2-42A2-AD57-52772B363974}.Debug|Any CPU.Build.0 = Debug|Any CPU
		{C419DEE1-CCB2-42A2-AD57-52772B363974}.Release|Any CPU.ActiveCfg = Release|Any CPU
		{C419DEE1-CCB2-42A2-AD57-52772B363974}.Release|Any CPU.Build.0 = Release|Any CPU
		{151B074A-F7D3-4E3D-98D1-244BA9E87C98}.Debug|Any CPU.ActiveCfg = Debug|Any CPU
		{151B074A-F7D3-4E3D-98D1-244BA9E87C98}.Debug|Any CPU.Build.0 = Debug|Any CPU
		{151B074A-F7D3-4E3D-98D1-244BA9E87C98}.Release|Any CPU.ActiveCfg = Release|Any CPU
		{151B074A-F7D3-4E3D-98D1-244BA9E87C98}.Release|Any CPU.Build.0 = Release|Any CPU
		{78E8842A-A1E5-41D6-B3B5-9DD1827C05A6}.Debug|Any CPU.ActiveCfg = Debug|Any CPU
		{78E8842A-A1E5-41D6-B3B5-9DD1827C05A6}.Debug|Any CPU.Build.0 = Debug|Any CPU
		{78E8842A-A1E5-41D6-B3B5-9DD1827C05A6}.Release|Any CPU.ActiveCfg = Release|Any CPU
		{78E8842A-A1E5-41D6-B3B5-9DD1827C05A6}.Release|Any CPU.Build.0 = Release|Any CPU
		{671FF94C-1BF7-4FA7-8709-79F2D1D9AA71}.Debug|Any CPU.ActiveCfg = Debug|Any CPU
		{671FF94C-1BF7-4FA7-8709-79F2D1D9AA71}.Debug|Any CPU.Build.0 = Debug|Any CPU
		{671FF94C-1BF7-4FA7-8709-79F2D1D9AA71}.Release|Any CPU.ActiveCfg = Release|Any CPU
		{671FF94C-1BF7-4FA7-8709-79F2D1D9AA71}.Release|Any CPU.Build.0 = Release|Any CPU
	EndGlobalSection
	GlobalSection(SolutionProperties) = preSolution
		HideSolutionNode = FALSE
	EndGlobalSection
	GlobalSection(NestedProjects) = preSolution
		{7C6BF7DD-6BF9-4D21-BF1A-8E3EEF6E5D61} = {8C66AEC8-876D-4046-ACF9-348B42018F64}
		{AB61F971-A280-4B79-84A3-55C63A78AE66} = {268813F0-EA97-41C7-AEF8-432CFBD3CC83}
		{2F4E3C60-D28C-412B-9905-0722BDD40FC0} = {268813F0-EA97-41C7-AEF8-432CFBD3CC83}
		{7440086B-9D35-448C-AD6A-BE94E8F6DDCD} = {268813F0-EA97-41C7-AEF8-432CFBD3CC83}
		{75F13224-A9E4-4C98-B0F3-0E0BB93A07D9} = {D22A770D-B90A-400A-8F1E-341B1F62E73E}
		{C169F24A-710C-486F-868B-05913790494D} = {D22A770D-B90A-400A-8F1E-341B1F62E73E}
		{EC634AF5-721E-4531-9F88-D532466CC0FA} = {D22A770D-B90A-400A-8F1E-341B1F62E73E}
		{669EE673-CE8D-4078-BD26-BC2D7EFDCA78} = {D22A770D-B90A-400A-8F1E-341B1F62E73E}
		{DBA937EC-429F-4F69-B320-8FF106DEC370} = {68CE39F3-86EF-4A0B-8AE6-7341A5D521F3}
		{284CBF38-F589-4A76-8100-99988551E680} = {68CE39F3-86EF-4A0B-8AE6-7341A5D521F3}
		{C419DEE1-CCB2-42A2-AD57-52772B363974} = {68CE39F3-86EF-4A0B-8AE6-7341A5D521F3}
		{151B074A-F7D3-4E3D-98D1-244BA9E87C98} = {2D0062E8-6F0F-4D3D-A345-48576F813DA5}
		{78E8842A-A1E5-41D6-B3B5-9DD1827C05A6} = {5A2DC331-B1D8-4B4A-B821-FA8847FDA2F3}
		{671FF94C-1BF7-4FA7-8709-79F2D1D9AA71} = {9EA96C68-0A36-4924-8226-95B9DF5D2F78}
	EndGlobalSection
	GlobalSection(ExtensibilityGlobals) = postSolution
		SolutionGuid = {28907769-163B-4532-A9C8-146130EDEDE3}
	EndGlobalSection
EndGlobal
